
Microsoft Visual Studio Solution File, Format Version 12.00
# Visual Studio Version 16
VisualStudioVersion = 16.0.30907.101
MinimumVisualStudioVersion = 10.0.40219.1
Project("{FAE04EC0-301F-11D3-BF4B-00C04F79EFBC}") = "Academy", "Academy\Academy.csproj", "{395DC62D-F4B1-4747-B93D-4F434965917C}"
EndProject
Global
	GlobalSection(SolutionConfigurationPlatforms) = preSolution
		Debug|Any CPU = Debug|Any CPU
		Release|Any CPU = Release|Any CPU
	EndGlobalSection
	GlobalSection(ProjectConfigurationPlatforms) = postSolution
		{395DC62D-F4B1-4747-B93D-4F434965917C}.Debug|Any CPU.ActiveCfg = Debug|Any CPU
		{395DC62D-F4B1-4747-B93D-4F434965917C}.Debug|Any CPU.Build.0 = Debug|Any CPU
		{395DC62D-F4B1-4747-B93D-4F434965917C}.Release|Any CPU.ActiveCfg = Release|Any CPU
		{395DC62D-F4B1-4747-B93D-4F434965917C}.Release|Any CPU.Build.0 = Release|Any CPU
	EndGlobalSection
	GlobalSection(SolutionProperties) = preSolution
		HideSolutionNode = FALSE
	EndGlobalSection
	GlobalSection(ExtensibilityGlobals) = postSolution
		SolutionGuid = {157F03EC-CC41-45AB-99E1-ACB0FBC2A178}
	EndGlobalSection
EndGlobal
